{
  "name": "video-admin-root",
  "version": "1.0.0",
  "lockfileVersion": 3,
  "requires": true,
  "packages": {
    "": {
      "name": "video-admin-root",
      "version": "1.0.0",
      "hasInstallScript": true,
      "dependencies": {
        "@prisma/client": "^7.4.1",
        "cloudinary": "^2.9.0"
      }
    },
    "node_modules/@prisma/client": {
      "version": "7.4.1",
      "resolved": "https://registry.npmjs.org/@prisma/client/-/client-7.4.1.tgz",
      "integrity": "sha512-pgIll2W1NVdof37xLeyySW+yfQ4rI+ERGCRwnO3BjVOx42GpYq6jhTyuALK8VKirvJJIvImgfGDA2qwhYVvMuA==",
      "dependencies": {
        "@prisma/client-runtime-utils": "7.4.1"
      },
      "engines": {
        "node": "^20.19 || ^22.12 || >=24.0"
      },
      "peerDependencies": {
        "prisma": "*",
        "typescript": ">=5.4.0"
      },
      "peerDependenciesMeta": {
        "prisma": {
          "optional": true
        },
        "typescript": {
          "optional": true
        }
      }
    },
    "node_modules/@prisma/client-runtime-utils": {
      "version": "7.4.1",
      "resolved": "https://registry.npmjs.org/@prisma/client-runtime-utils/-/client-runtime-utils-7.4.1.tgz",
      "integrity": "sha512-8fy74OMYC7mt9cJ2MncIDk1awPRgmtXVvwTN2FlW4JVhbck8Dgt0wTkhPG85myfj4ZeP2stjF9Sdg12n5HrpQg=="
    },
    "node_modules/cloudinary": {
      "version": "2.9.0",
      "resolved": "https://registry.npmjs.org/cloudinary/-/cloudinary-2.9.0.tgz",
      "integrity": "sha512-F3iKMOy4y0zy0bi5JBp94SC7HY7i/ImfTPSUV07iJmRzH1Iz8WavFfOlJTR1zvYM/xKGoiGZ3my/zy64In0IQQ==",
      "dependencies": {
        "lodash": "^4.17.21"
      },
      "engines": {
        "node": ">=9"
      }
    },
    "node_modules/lodash": {
      "version": "4.17.23",
      "resolved": "https://registry.npmjs.org/lodash/-/lodash-4.17.23.tgz",
      "integrity": "sha512-LgVTMpQtIopCi79SJeDiP0TfWi5CNEc/L/aRdTh3yIvmZXTnheWpKjSZhnvMl8iXbC1tFg9gdHHDMLoV7CnG+w=="
    }
  }
}
